// !$*UTF8*$!
{
	archiveVersion = 1;
	classes = {
	};
	objectVersion = 56;
	objects = {

/* Begin PBXBuildFile section */
		A1234567890123456789012A /* AppDelegate.swift in Sources */ = {isa = PBXBuildFile; fileRef = A1234567890123456789012B /* AppDelegate.swift */; };
		A1234567890123456789012C /* SceneDelegate.swift in Sources */ = {isa = PBXBuildFile; fileRef = A1234567890123456789012D /* SceneDelegate.swift */; };
		A1234567890123456789012E /* ARView.swift in Sources */ = {isa = PBXBuildFile; fileRef = A1234567890123456789012F /* ARView.swift */; };
		A1234567890123456789013A /* PlaneAnnotations.swift in Sources */ = {isa = PBXBuildFile; fileRef = A1234567890123456789013B /* PlaneAnnotations.swift */; };
		A1234567890123456789013C /* Flight.swift in Sources */ = {isa = PBXBuildFile; fileRef = A1234567890123456789013D /* Flight.swift */; };
		A1234567890123456789013E /* Coordinates.swift in Sources */ = {isa = PBXBuildFile; fileRef = A1234567890123456789013F /* Coordinates.swift */; };
		A1234567890123456789014A /* BackendService.swift in Sources */ = {isa = PBXBuildFile; fileRef = A1234567890123456789014B /* BackendService.swift */; };
		A1234567890123456789014C /* OpenSkyService.swift in Sources */ = {isa = PBXBuildFile; fileRef = A1234567890123456789014D /* OpenSkyService.swift */; };
		A1234567890123456789014E /* TrajectoryPredictor.swift in Sources */ = {isa = PBXBuildFile; fileRef = A1234567890123456789014F /* TrajectoryPredictor.swift */; };
		A1234567890123456789015A /* AltitudeFallback.swift in Sources */ = {isa = PBXBuildFile; fileRef = A1234567890123456789015B /* AltitudeFallback.swift */; };
		A1234567890123456789015C /* MathHelpers.swift in Sources */ = {isa = PBXBuildFile; fileRef = A1234567890123456789015D /* MathHelpers.swift */; };
		A1234567890123456789015E /* Assets.xcassets in Resources */ = {isa = PBXBuildFile; fileRef = A1234567890123456789015F /* Assets.xcassets */; };
		A1234567890123456789016A /* BackendServiceTests.swift in Sources */ = {isa = PBXBuildFile; fileRef = A1234567890123456789016B /* BackendServiceTests.swift */; };
		A1234567890123456789016C /* FlightModelTests.swift in Sources */ = {isa = PBXBuildFile; fileRef = A1234567890123456789016D /* FlightModelTests.swift */; };
		A1234567890123456789016E /* CoordinatesTests.swift in Sources */ = {isa = PBXBuildFile; fileRef = A1234567890123456789016F /* CoordinatesTests.swift */; };
		A1234567890123456789017A /* TrajectoryPredictorTests.swift in Sources */ = {isa = PBXBuildFile; fileRef = A1234567890123456789017B /* TrajectoryPredictorTests.swift */; };
		A1234567890123456789017C /* AltitudeFallbackTests.swift in Sources */ = {isa = PBXBuildFile; fileRef = A1234567890123456789017D /* AltitudeFallbackTests.swift */; };
		A1234567890123456789017E /* IntegrationTests.swift in Sources */ = {isa = PBXBuildFile; fileRef = A1234567890123456789017F /* IntegrationTests.swift */; };
/* End PBXBuildFile section */

/* Begin PBXContainerItemProxy section */
		A1234567890123456789018A /* PBXContainerItemProxy */ = {
			isa = PBXContainerItemProxy;
			containerPortal = A1234567890123456789018B /* Project object */;
			proxyType = 1;
			remoteGlobalIDString = A1234567890123456789018C;
			remoteInfo = PlaneTracker;
		};
/* End PBXContainerItemProxy section */

/* Begin PBXFileReference section */
		A1234567890123456789018D /* PlaneTracker.app */ = {isa = PBXFileReference; explicitFileType = wrapper.application; includeInIndex = 0; path = PlaneTracker.app; sourceTree = BUILT_PRODUCTS_DIR; };
		A1234567890123456789018E /* PlaneTrackerTests.xctest */ = {isa = PBXFileReference; explicitFileType = wrapper.cfbundle; includeInIndex = 0; path = PlaneTrackerTests.xctest; sourceTree = BUILT_PRODUCTS_DIR; };
		A1234567890123456789012B /* AppDelegate.swift */ = {isa = PBXFileReference; lastKnownFileType = sourcecode.swift; path = AppDelegate.swift; sourceTree = "<group>"; };
		A1234567890123456789012D /* SceneDelegate.swift */ = {isa = PBXFileReference; lastKnownFileType = sourcecode.swift; path = SceneDelegate.swift; sourceTree = "<group>"; };
		A1234567890123456789012F /* ARView.swift */ = {isa = PBXFileReference; lastKnownFileType = sourcecode.swift; path = ARView.swift; sourceTree = "<group>"; };
		A1234567890123456789013B /* PlaneAnnotations.swift */ = {isa = PBXFileReference; lastKnownFileType = sourcecode.swift; path = PlaneAnnotations.swift; sourceTree = "<group>"; };
		A1234567890123456789013D /* Flight.swift */ = {isa = PBXFileReference; lastKnownFileType = sourcecode.swift; path = Flight.swift; sourceTree = "<group>"; };
		A1234567890123456789013F /* Coordinates.swift */ = {isa = PBXFileReference; lastKnownFileType = sourcecode.swift; path = Coordinates.swift; sourceTree = "<group>"; };
		A1234567890123456789014B /* BackendService.swift */ = {isa = PBXFileReference; lastKnownFileType = sourcecode.swift; path = BackendService.swift; sourceTree = "<group>"; };
		A1234567890123456789014D /* OpenSkyService.swift */ = {isa = PBXFileReference; lastKnownFileType = sourcecode.swift; path = OpenSkyService.swift; sourceTree = "<group>"; };
		A1234567890123456789014F /* TrajectoryPredictor.swift */ = {isa = PBXFileReference; lastKnownFileType = sourcecode.swift; path = TrajectoryPredictor.swift; sourceTree = "<group>"; };
		A1234567890123456789015B /* AltitudeFallback.swift */ = {isa = PBXFileReference; lastKnownFileType = sourcecode.swift; path = AltitudeFallback.swift; sourceTree = "<group>"; };
		A1234567890123456789015D /* MathHelpers.swift */ = {isa = PBXFileReference; lastKnownFileType = sourcecode.swift; path = MathHelpers.swift; sourceTree = "<group>"; };
		A1234567890123456789015F /* Assets.xcassets */ = {isa = PBXFileReference; lastKnownFileType = folder.assetcatalog; path = Assets.xcassets; sourceTree = "<group>"; };
		A1234567890123456789019A /* Info.plist */ = {isa = PBXFileReference; lastKnownFileType = text.plist.xml; path = Info.plist; sourceTree = "<group>"; };
		A1234567890123456789016B /* BackendServiceTests.swift */ = {isa = PBXFileReference; lastKnownFileType = sourcecode.swift; path = BackendServiceTests.swift; sourceTree = "<group>"; };
		A1234567890123456789016D /* FlightModelTests.swift */ = {isa = PBXFileReference; lastKnownFileType = sourcecode.swift; path = FlightModelTests.swift; sourceTree = "<group>"; };
		A1234567890123456789016F /* CoordinatesTests.swift */ = {isa = PBXFileReference; lastKnownFileType = sourcecode.swift; path = CoordinatesTests.swift; sourceTree = "<group>"; };
		A1234567890123456789017B /* TrajectoryPredictorTests.swift */ = {isa = PBXFileReference; lastKnownFileType = sourcecode.swift; path = TrajectoryPredictorTests.swift; sourceTree = "<group>"; };
		A1234567890123456789017D /* AltitudeFallbackTests.swift */ = {isa = PBXFileReference; lastKnownFileType = sourcecode.swift; path = AltitudeFallbackTests.swift; sourceTree = "<group>"; };
		A1234567890123456789017F /* IntegrationTests.swift */ = {isa = PBXFileReference; lastKnownFileType = sourcecode.swift; path = IntegrationTests.swift; sourceTree = "<group>"; };
		A1234567890123456789019B /* Info.plist */ = {isa = PBXFileReference; lastKnownFileType = text.plist.xml; path = Info.plist; sourceTree = "<group>"; };
/* End PBXFileReference section */

/* Begin PBXFrameworksBuildPhase section */
		A1234567890123456789019C /* Frameworks */ = {
			isa = PBXFrameworksBuildPhase;
			buildActionMask = 2147483647;
			files = (
			);
			runOnlyForDeploymentPostprocessing = 0;
		};
		A1234567890123456789019D /* Frameworks */ = {
			isa = PBXFrameworksBuildPhase;
			buildActionMask = 2147483647;
			files = (
			);
			runOnlyForDeploymentPostprocessing = 0;
		};
/* End PBXFrameworksBuildPhase section */

/* Begin PBXGroup section */
		A1234567890123456789019E = {
			isa = PBXGroup;
			children = (
				A1234567890123456789019F /* PlaneTrackerApp */,
				A123456789012345678901A0 /* PlaneTrackerTests */,
				A123456789012345678901A1 /* Products */,
			);
			sourceTree = "<group>";
		};
		A1234567890123456789019F /* PlaneTrackerApp */ = {
			isa = PBXGroup;
			children = (
				A123456789012345678901A2 /* AppDelegate.swift */,
				A123456789012345678901A3 /* SceneDelegate.swift */,
				A123456789012345678901A4 /* Views */,
				A123456789012345678901A5 /* Models */,
				A123456789012345678901A6 /* Services */,
				A123456789012345678901A7 /* Utils */,
				A123456789012345678901A8 /* Assets.xcassets */,
				A123456789012345678901A9 /* Info.plist */,
			);
			path = PlaneTrackerApp;
			sourceTree = "<group>";
		};
		A123456789012345678901A0 /* PlaneTrackerTests */ = {
			isa = PBXGroup;
			children = (
				A123456789012345678901AA /* BackendServiceTests.swift */,
				A123456789012345678901AB /* FlightModelTests.swift */,
				A123456789012345678901AC /* CoordinatesTests.swift */,
				A123456789012345678901AD /* TrajectoryPredictorTests.swift */,
				A123456789012345678901AE /* AltitudeFallbackTests.swift */,
				A123456789012345678901AF /* IntegrationTests.swift */,
				A123456789012345678901B0 /* Info.plist */,
			);
			path = PlaneTrackerTests;
			sourceTree = "<group>";
		};
		A123456789012345678901A1 /* Products */ = {
			isa = PBXGroup;
			children = (
				A123456789012345678901B1 /* PlaneTracker.app */,
				A123456789012345678901B2 /* PlaneTrackerTests.xctest */,
			);
			name = Products;
			sourceTree = "<group>";
		};
		A123456789012345678901A4 /* Views */ = {
			isa = PBXGroup;
			children = (
				A123456789012345678901B3 /* ARView.swift */,
				A123456789012345678901B4 /* PlaneAnnotations.swift */,
			);
			path = Views;
			sourceTree = "<group>";
		};
		A123456789012345678901A5 /* Models */ = {
			isa = PBXGroup;
			children = (
				A123456789012345678901B5 /* Flight.swift */,
				A123456789012345678901B6 /* Coordinates.swift */,
			);
			path = Models;
			sourceTree = "<group>";
		};
		A123456789012345678901A6 /* Services */ = {
			isa = PBXGroup;
			children = (
				A123456789012345678901B7 /* BackendService.swift */,
				A123456789012345678901B8 /* OpenSkyService.swift */,
				A123456789012345678901B9 /* TrajectoryPredictor.swift */,
				A123456789012345678901BA /* AltitudeFallback.swift */,
			);
			path = Services;
			sourceTree = "<group>";
		};
		A123456789012345678901A7 /* Utils */ = {
			isa = PBXGroup;
			children = (
				A123456789012345678901BB /* MathHelpers.swift */,
			);
			path = Utils;
			sourceTree = "<group>";
		};
/* End PBXGroup section */

/* Begin PBXNativeTarget section */
		A1234567890123456789018C /* PlaneTracker */ = {
			isa = PBXNativeTarget;
			buildConfigurationList = A123456789012345678901BC /* Build configuration list for PBXNativeTarget "PlaneTracker" */;
			buildPhases = (
				A123456789012345678901BD /* Sources */,
				A1234567890123456789019C /* Frameworks */,
				A123456789012345678901BE /* Resources */,
			);
			buildRules = (
			);
			dependencies = (
			);
			name = PlaneTracker;
			productName = PlaneTracker;
			productReference = A1234567890123456789018D /* PlaneTracker.app */;
			productType = "com.apple.product-type.application";
		};
		A123456789012345678901BF /* PlaneTrackerTests */ = {
			isa = PBXNativeTarget;
			buildConfigurationList = A123456789012345678901C0 /* Build configuration list for PBXNativeTarget "PlaneTrackerTests" */;
			buildPhases = (
				A123456789012345678901C1 /* Sources */,
				A1234567890123456789019D /* Frameworks */,
				A123456789012345678901C2 /* Resources */,
			);
			buildRules = (
			);
			dependencies = (
				A123456789012345678901C3 /* PBXTargetDependency */,
			);
			name = PlaneTrackerTests;
			productName = PlaneTrackerTests;
			productReference = A1234567890123456789018E /* PlaneTrackerTests.xctest */;
			productType = "com.apple.product-type.bundle.unit-test";
		};
/* End PBXNativeTarget section */

/* Begin PBXProject section */
		A1234567890123456789018B /* Project object */ = {
			isa = PBXProject;
			attributes = {
				BuildIndependentTargetsInParallel = 1;
				LastSwiftUpdateCheck = 1500;
				LastUpgradeCheck = 1500;
				TargetAttributes = {
					A1234567890123456789018C = {
						CreatedOnToolsVersion = 15.0;
					};
					A123456789012345678901BF = {
						CreatedOnToolsVersion = 15.0;
						TestTargetID = A1234567890123456789018C;
					};
				};
			};
			buildConfigurationList = A123456789012345678901C4 /* Build configuration list for PBXProject "PlaneTracker" */;
			compatibilityVersion = "Xcode 14.0";
			developmentRegion = en;
			hasScannedForEncodings = 0;
			knownRegions = (
				en,
				Base,
			);
			mainGroup = A1234567890123456789019E;
			productRefGroup = A123456789012345678901A1 /* Products */;
			projectDirPath = "";
			projectRoot = "";
			targets = (
				A1234567890123456789018C /* PlaneTracker */,
				A123456789012345678901BF /* PlaneTrackerTests */,
			);
		};
/* End PBXProject section */

/* Begin PBXResourcesBuildPhase section */
		A123456789012345678901BE /* Resources */ = {
			isa = PBXResourcesBuildPhase;
			buildActionMask = 2147483647;
			files = (
				A1234567890123456789015E /* Assets.xcassets in Resources */,
			);
			runOnlyForDeploymentPostprocessing = 0;
		};
		A123456789012345678901C2 /* Resources */ = {
			isa = PBXResourcesBuildPhase;
			buildActionMask = 2147483647;
			files = (
			);
			runOnlyForDeploymentPostprocessing = 0;
		};
/* End PBXResourcesBuildPhase section */

/* Begin PBXSourcesBuildPhase section */
		A123456789012345678901BD /* Sources */ = {
			isa = PBXSourcesBuildPhase;
			buildActionMask = 2147483647;
			files = (
				A1234567890123456789012A /* AppDelegate.swift in Sources */,
				A1234567890123456789012C /* SceneDelegate.swift in Sources */,
				A1234567890123456789012E /* ARView.swift in Sources */,
				A1234567890123456789013A /* PlaneAnnotations.swift in Sources */,
				A1234567890123456789013C /* Flight.swift in Sources */,
				A1234567890123456789013E /* Coordinates.swift in Sources */,
				A1234567890123456789014A /* BackendService.swift in Sources */,
				A1234567890123456789014C /* OpenSkyService.swift in Sources */,
				A1234567890123456789014E /* TrajectoryPredictor.swift in Sources */,
				A1234567890123456789015A /* AltitudeFallback.swift in Sources */,
				A1234567890123456789015C /* MathHelpers.swift in Sources */,
			);
			runOnlyForDeploymentPostprocessing = 0;
		};
		A123456789012345678901C1 /* Sources */ = {
			isa = PBXSourcesBuildPhase;
			buildActionMask = 2147483647;
			files = (
				A1234567890123456789016A /* BackendServiceTests.swift in Sources */,
				A1234567890123456789016C /* FlightModelTests.swift in Sources */,
				A1234567890123456789016E /* CoordinatesTests.swift in Sources */,
				A1234567890123456789017A /* TrajectoryPredictorTests.swift in Sources */,
				A1234567890123456789017C /* AltitudeFallbackTests.swift in Sources */,
				A1234567890123456789017E /* IntegrationTests.swift in Sources */,
			);
			runOnlyForDeploymentPostprocessing = 0;
		};
/* End PBXSourcesBuildPhase section */

/* Begin PBXTargetDependency section */
		A123456789012345678901C3 /* PBXTargetDependency */ = {
			isa = PBXTargetDependency;
			target = A1234567890123456789018C /* PlaneTracker */;
			targetProxy = A1234567890123456789018A /* PBXContainerItemProxy */;
		};
/* End PBXTargetDependency section */

/* Begin XCBuildConfiguration section */
		A123456789012345678901C5 /* Debug */ = {
			isa = XCBuildConfiguration;
			buildSettings = {
				ALWAYS_SEARCH_USER_PATHS = NO;
				ASSETCATALOG_COMPILER_GENERATE_SWIFT_ASSET_SYMBOL_EXTENSIONS = YES;
				CLANG_ANALYZER_NONNULL = YES;
				CLANG_ANALYZER_NUMBER_OBJECT_CONVERSION = YES_AGGRESSIVE;
				CLANG_CXX_LANGUAGE_STANDARD = "gnu++20";
				CLANG_ENABLE_MODULES = YES;
				CLANG_ENABLE_OBJC_ARC = YES;
				CLANG_ENABLE_OBJC_WEAK = YES;
				CLANG_WARN_BLOCK_CAPTURE_AUTORELEASING = YES;
				CLANG_WARN_BOOL_CONVERSION = YES;
				CLANG_WARN_COMMA = YES;
				CLANG_WARN_CONSTANT_CONVERSION = YES;
				CLANG_WARN_DEPRECATED_OBJC_IMPLEMENTATIONS = YES;
				CLANG_WARN_DIRECT_OBJC_ISA_USAGE = YES_ERROR;
				CLANG_WARN_DOCUMENTATION_COMMENTS = YES;
				CLANG_WARN_EMPTY_BODY = YES;
				CLANG_WARN_ENUM_CONVERSION = YES;
				CLANG_WARN_INFINITE_RECURSION = YES;
				CLANG_WARN_INT_CONVERSION = YES;
				CLANG_WARN_NON_LITERAL_NULL_CONVERSION = YES;
				CLANG_WARN_OBJC_IMPLICIT_RETAIN_SELF = YES;
				CLANG_WARN_OBJC_LITERAL_CONVERSION = YES;
				CLANG_WARN_OBJC_ROOT_CLASS = YES_ERROR;
				CLANG_WARN_QUOTED_INCLUDE_IN_FRAMEWORK_HEADER = YES;
				CLANG_WARN_RANGE_LOOP_ANALYSIS = YES;
				CLANG_WARN_STRICT_PROTOTYPES = YES;
				CLANG_WARN_SUSPICIOUS_MOVE = YES;
				CLANG_WARN_UNGUARDED_AVAILABILITY = YES_AGGRESSIVE;
				CLANG_WARN_UNREACHABLE_CODE = YES;
				CLANG_WARN__DUPLICATE_METHOD_MATCH = YES;
				COPY_PHASE_STRIP = NO;
				DEBUG_INFORMATION_FORMAT = dwarf;
				ENABLE_STRICT_OBJC_MSGSEND = YES;
				ENABLE_TESTABILITY = YES;
				ENABLE_USER_SCRIPT_SANDBOXING = YES;
				GCC_C_LANGUAGE_STANDARD = gnu17;
				GCC_DYNAMIC_NO_PIC = NO;
				GCC_NO_COMMON_BLOCKS = YES;
				GCC_OPTIMIZATION_LEVEL = 0;
				GCC_PREPROCESSOR_DEFINITIONS = (
					"DEBUG=1",
					"$(inherited)",
				);
				GCC_WARN_64_TO_32_BIT_CONVERSION = YES;
				GCC_WARN_ABOUT_RETURN_TYPE = YES_ERROR;
				GCC_WARN_UNDECLARED_SELECTOR = YES;
				GCC_WARN_UNINITIALIZED_AUTOS = YES_AGGRESSIVE;
				GCC_WARN_UNUSED_FUNCTION = YES;
				GCC_WARN_UNUSED_VARIABLE = YES;
				IPHONEOS_DEPLOYMENT_TARGET = 15.0;
				LOCALIZATION_PREFERS_STRING_CATALOGS = YES;
				MTL_ENABLE_DEBUG_INFO = INCLUDE_SOURCE;
				MTL_FAST_MATH = YES;
				ONLY_ACTIVE_ARCH = YES;
				SDKROOT = iphoneos;
				SWIFT_ACTIVE_COMPILATION_CONDITIONS = "DEBUG $(inherited)";
				SWIFT_OPTIMIZATION_LEVEL = "-Onone";
			};
			name = Debug;
		};
		A123456789012345678901C6 /* Release */ = {
			isa = XCBuildConfiguration;
			buildSettings = {
				ALWAYS_SEARCH_USER_PATHS = NO;
				ASSETCATALOG_COMPILER_GENERATE_SWIFT_ASSET_SYMBOL_EXTENSIONS = YES;
				CLANG_ANALYZER_NONNULL = YES;
				CLANG_ANALYZER_NUMBER_OBJECT_CONVERSION = YES_AGGRESSIVE;
				CLANG_CXX_LANGUAGE_STANDARD = "gnu++20";
				CLANG_ENABLE_MODULES = YES;
				CLANG_ENABLE_OBJC_ARC = YES;
				CLANG_ENABLE_OBJC_WEAK = YES;
				CLANG_WARN_BLOCK_CAPTURE_AUTORELEASING = YES;
				CLANG_WARN_BOOL_CONVERSION = YES;
				CLANG_WARN_COMMA = YES;
				CLANG_WARN_CONSTANT_CONVERSION = YES;
				CLANG_WARN_DEPRECATED_OBJC_IMPLEMENTATIONS = YES;
				CLANG_WARN_DIRECT_OBJC_ISA_USAGE = YES_ERROR;
				CLANG_WARN_DOCUMENTATION_COMMENTS = YES;
				CLANG_WARN_EMPTY_BODY = YES;
				CLANG_WARN_ENUM_CONVERSION = YES;
				CLANG_WARN_INFINITE_RECURSION = YES;
				CLANG_WARN_INT_CONVERSION = YES;
				CLANG_WARN_NON_LITERAL_NULL_CONVERSION = YES;
				CLANG_WARN_OBJC_IMPLICIT_RETAIN_SELF = YES;
				CLANG_WARN_OBJC_LITERAL_CONVERSION = YES;
				CLANG_WARN_OBJC_ROOT_CLASS = YES_ERROR;
				CLANG_WARN_QUOTED_INCLUDE_IN_FRAMEWORK_HEADER = YES;
				CLANG_WARN_RANGE_LOOP_ANALYSIS = YES;
				CLANG_WARN_STRICT_PROTOTYPES = YES;
				CLANG_WARN_SUSPICIOUS_MOVE = YES;
				CLANG_WARN_UNGUARDED_AVAILABILITY = YES_AGGRESSIVE;
				CLANG_WARN_UNREACHABLE_CODE = YES;
				CLANG_WARN__DUPLICATE_METHOD_MATCH = YES;
				COPY_PHASE_STRIP = NO;
				DEBUG_INFORMATION_FORMAT = "dwarf-with-dsym";
				ENABLE_NS_ASSERTIONS = NO;
				ENABLE_STRICT_OBJC_MSGSEND = YES;
				ENABLE_USER_SCRIPT_SANDBOXING = YES;
				GCC_C_LANGUAGE_STANDARD = gnu17;
				GCC_NO_COMMON_BLOCKS = YES;
				GCC_WARN_64_TO_32_BIT_CONVERSION = YES;
				GCC_WARN_ABOUT_RETURN_TYPE = YES_ERROR;
				GCC_WARN_UNDECLARED_SELECTOR = YES;
				GCC_WARN_UNINITIALIZED_AUTOS = YES_AGGRESSIVE;
				GCC_WARN_UNUSED_FUNCTION = YES;
				GCC_WARN_UNUSED_VARIABLE = YES;
				IPHONEOS_DEPLOYMENT_TARGET = 15.0;
				LOCALIZATION_PREFERS_STRING_CATALOGS = YES;
				MTL_ENABLE_DEBUG_INFO = NO;
				MTL_FAST_MATH = YES;
				SDKROOT = iphoneos;
				SWIFT_COMPILATION_MODE = wholemodule;
				VALIDATE_PRODUCT = YES;
			};
			name = Release;
		};
		A123456789012345678901C7 /* Debug */ = {
			isa = XCBuildConfiguration;
			buildSettings = {
				ASSETCATALOG_COMPILER_APPICON_NAME = AppIcon;
				ASSETCATALOG_COMPILER_GLOBAL_ACCENT_COLOR_NAME = AccentColor;
				CODE_SIGN_STYLE = Automatic;
				CURRENT_PROJECT_VERSION = 1;
				DEVELOPMENT_TEAM = "";
				GENERATE_INFOPLIST_FILE = NO;
				INFOPLIST_FILE = PlaneTrackerApp/Info.plist;
				INFOPLIST_KEY_UIApplicationSupportsIndirectInputEvents = YES;
				INFOPLIST_KEY_UILaunchStoryboardName = LaunchScreen;
				INFOPLIST_KEY_UISupportedInterfaceOrientations_iPad = "UIInterfaceOrientationPortrait UIInterfaceOrientationPortraitUpsideDown UIInterfaceOrientationLandscapeLeft UIInterfaceOrientationLandscapeRight";
				INFOPLIST_KEY_UISupportedInterfaceOrientations_iPhone = "UIInterfaceOrientationPortrait UIInterfaceOrientationLandscapeLeft UIInterfaceOrientationLandscapeRight";
				IPHONEOS_DEPLOYMENT_TARGET = 15.0;
				LD_RUNPATH_SEARCH_PATHS = (
					"$(inherited)",
					"@executable_path/Frameworks",
				);
				MARKETING_VERSION = 1.0;
				PRODUCT_BUNDLE_IDENTIFIER = com.planetracker.app;
				PRODUCT_NAME = "$(TARGET_NAME)";
				SWIFT_EMIT_LOC_STRINGS = YES;
				SWIFT_VERSION = 5.0;
				TARGETED_DEVICE_FAMILY = "1,2";
			};
			name = Debug;
		};
		A123456789012345678901C8 /* Release */ = {
			isa = XCBuildConfiguration;
			buildSettings = {
				ASSETCATALOG_COMPILER_APPICON_NAME = AppIcon;
				ASSETCATALOG_COMPILER_GLOBAL_ACCENT_COLOR_NAME = AccentColor;
				CODE_SIGN_STYLE = Automatic;
				CURRENT_PROJECT_VERSION = 1;
				DEVELOPMENT_TEAM = "";
				GENERATE_INFOPLIST_FILE = NO;
				INFOPLIST_FILE = PlaneTrackerApp/Info.plist;
				INFOPLIST_KEY_UIApplicationSupportsIndirectInputEvents = YES;
				INFOPLIST_KEY_UILaunchStoryboardName = LaunchScreen;
				INFOPLIST_KEY_UISupportedInterfaceOrientations_iPad = "UIInterfaceOrientationPortrait UIInterfaceOrientationPortraitUpsideDown UIInterfaceOrientationLandscapeLeft UIInterfaceOrientationLandscapeRight";
				INFOPLIST_KEY_UISupportedInterfaceOrientations_iPhone = "UIInterfaceOrientationPortrait UIInterfaceOrientationLandscapeLeft UIInterfaceOrientationLandscapeRight";
				IPHONEOS_DEPLOYMENT_TARGET = 15.0;
				LD_RUNPATH_SEARCH_PATHS = (
					"$(inherited)",
					"@executable_path/Frameworks",
				);
				MARKETING_VERSION = 1.0;
				PRODUCT_BUNDLE_IDENTIFIER = com.planetracker.app;
				PRODUCT_NAME = "$(TARGET_NAME)";
				SWIFT_EMIT_LOC_STRINGS = YES;
				SWIFT_VERSION = 5.0;
				TARGETED_DEVICE_FAMILY = "1,2";
			};
			name = Release;
		};
		A123456789012345678901C9 /* Debug */ = {
			isa = XCBuildConfiguration;
			buildSettings = {
				ALWAYS_EMBED_SWIFT_STANDARD_LIBRARIES = YES;
				BUNDLE_LOADER = "$(TEST_HOST)";
				CODE_SIGN_STYLE = Automatic;
				CURRENT_PROJECT_VERSION = 1;
				DEVELOPMENT_TEAM = "";
				GENERATE_INFOPLIST_FILE = NO;
				INFOPLIST_FILE = PlaneTrackerTests/Info.plist;
				IPHONEOS_DEPLOYMENT_TARGET = 15.0;
				MARKETING_VERSION = 1.0;
				PRODUCT_BUNDLE_IDENTIFIER = com.planetracker.app.PlaneTrackerTests;
				PRODUCT_NAME = "$(TARGET_NAME)";
				SWIFT_EMIT_LOC_STRINGS = NO;
				SWIFT_VERSION = 5.0;
				TARGETED_DEVICE_FAMILY = "1,2";
				TEST_HOST = "$(BUILT_PRODUCTS_DIR)/PlaneTracker.app/$(BUNDLE_EXECUTABLE_FOLDER_PATH)/PlaneTracker";
			};
			name = Debug;
		};
		A123456789012345678901CA /* Release */ = {
			isa = XCBuildConfiguration;
			buildSettings = {
				ALWAYS_EMBED_SWIFT_STANDARD_LIBRARIES = YES;
				BUNDLE_LOADER = "$(TEST_HOST)";
				CODE_SIGN_STYLE = Automatic;
				CURRENT_PROJECT_VERSION = 1;
				DEVELOPMENT_TEAM = "";
				GENERATE_INFOPLIST_FILE = NO;
				INFOPLIST_FILE = PlaneTrackerTests/Info.plist;
				IPHONEOS_DEPLOYMENT_TARGET = 15.0;
				MARKETING_VERSION = 1.0;
				PRODUCT_BUNDLE_IDENTIFIER = com.planetracker.app.PlaneTrackerTests;
				PRODUCT_NAME = "$(TARGET_NAME)";
				SWIFT_EMIT_LOC_STRINGS = NO;
				SWIFT_VERSION = 5.0;
				TARGETED_DEVICE_FAMILY = "1,2";
				TEST_HOST = "$(BUILT_PRODUCTS_DIR)/PlaneTracker.app/$(BUNDLE_EXECUTABLE_FOLDER_PATH)/PlaneTracker";
			};
			name = Release;
		};
/* End XCBuildConfiguration section */

/* Begin XCConfigurationList section */
		A123456789012345678901C4 /* Build configuration list for PBXProject "PlaneTracker" */ = {
			isa = XCConfigurationList;
			buildConfigurations = (
				A123456789012345678901C5 /* Debug */,
				A123456789012345678901C6 /* Release */,
			);
			defaultConfigurationIsVisible = 0;
			defaultConfigurationName = Release;
		};
		A123456789012345678901BC /* Build configuration list for PBXNativeTarget "PlaneTracker" */ = {
			isa = XCConfigurationList;
			buildConfigurations = (
				A123456789012345678901C7 /* Debug */,
				A123456789012345678901C8 /* Release */,
			);
			defaultConfigurationIsVisible = 0;
			defaultConfigurationName = Release;
		};
		A123456789012345678901C0 /* Build configuration list for PBXNativeTarget "PlaneTrackerTests" */ = {
			isa = XCConfigurationList;
			buildConfigurations = (
				A123456789012345678901C9 /* Debug */,
				A123456789012345678901CA /* Release */,
			);
			defaultConfigurationIsVisible = 0;
			defaultConfigurationName = Release;
		};
/* End XCConfigurationList section */
	};
	rootObject = A1234567890123456789018B /* Project object */;
}
